
Microsoft Visual Studio Solution File, Format Version 12.00
# Visual Studio Version 17
VisualStudioVersion = 17.3.32819.101
MinimumVisualStudioVersion = 10.0.40219.1
Project("{FAE04EC0-301F-11D3-BF4B-00C04F79EFBC}") = "JsonOppgave", "JsonOppgave\JsonOppgave.csproj", "{FF861C63-71BB-4890-AFA8-62C7A5FC001A}"
EndProject
Global
	GlobalSection(SolutionConfigurationPlatforms) = preSolution
		Debug|Any CPU = Debug|Any CPU
		Release|Any CPU = Release|Any CPU
	EndGlobalSection
	GlobalSection(ProjectConfigurationPlatforms) = postSolution
		{FF861C63-71BB-4890-AFA8-62C7A5FC001A}.Debug|Any CPU.ActiveCfg = Debug|Any CPU
		{FF861C63-71BB-4890-AFA8-62C7A5FC001A}.Debug|Any CPU.Build.0 = Debug|Any CPU
		{FF861C63-71BB-4890-AFA8-62C7A5FC001A}.Release|Any CPU.ActiveCfg = Release|Any CPU
		{FF861C63-71BB-4890-AFA8-62C7A5FC001A}.Release|Any CPU.Build.0 = Release|Any CPU
	EndGlobalSection
	GlobalSection(SolutionProperties) = preSolution
		HideSolutionNode = FALSE
	EndGlobalSection
	GlobalSection(ExtensibilityGlobals) = postSolution
		SolutionGuid = {D37C6159-4C6D-4B63-8A1A-A27F8ABE2237}
	EndGlobalSection
EndGlobal
